// !$*UTF8*$!
{
	archiveVersion = 1;
	classes = {
	};
	objectVersion = 46;
	objects = {

/* Begin PBXBuildFile section */
		2B533B831A3B6AD300D7B89D /* AppDelegate.swift in Sources */ = {isa = PBXBuildFile; fileRef = 2B533B821A3B6AD300D7B89D /* AppDelegate.swift */; };
		2B533B851A3B6AD300D7B89D /* ViewController.swift in Sources */ = {isa = PBXBuildFile; fileRef = 2B533B841A3B6AD300D7B89D /* ViewController.swift */; };
		2B533B881A3B6AD300D7B89D /* Main.storyboard in Resources */ = {isa = PBXBuildFile; fileRef = 2B533B861A3B6AD300D7B89D /* Main.storyboard */; };
		2B533B8A1A3B6AD300D7B89D /* Images.xcassets in Resources */ = {isa = PBXBuildFile; fileRef = 2B533B891A3B6AD300D7B89D /* Images.xcassets */; };
		2B533B8D1A3B6AD300D7B89D /* LaunchScreen.xib in Resources */ = {isa = PBXBuildFile; fileRef = 2B533B8B1A3B6AD300D7B89D /* LaunchScreen.xib */; };
		2B533B991A3B6AD300D7B89D /* ChatClientSwiftTests.swift in Sources */ = {isa = PBXBuildFile; fileRef = 2B533B981A3B6AD300D7B89D /* ChatClientSwiftTests.swift */; };
/* End PBXBuildFile section */

/* Begin PBXContainerItemProxy section */
		2B533B931A3B6AD300D7B89D /* PBXContainerItemProxy */ = {
			isa = PBXContainerItemProxy;
			containerPortal = 2B533B751A3B6AD300D7B89D /* Project object */;
			proxyType = 1;
			remoteGlobalIDString = 2B533B7C1A3B6AD300D7B89D;
			remoteInfo = ChatClientSwift;
		};
/* End PBXContainerItemProxy section */

/* Begin PBXFileReference section */
		2B533B7D1A3B6AD300D7B89D /* ChatClientSwift.app */ = {isa = PBXFileReference; explicitFileType = wrapper.application; includeInIndex = 0; path = ChatClientSwift.app; sourceTree = BUILT_PRODUCTS_DIR; };
		2B533B811A3B6AD300D7B89D /* Info.plist */ = {isa = PBXFileReference; lastKnownFileType = text.plist.xml; path = Info.plist; sourceTree = "<group>"; };
		2B533B821A3B6AD300D7B89D /* AppDelegate.swift */ = {isa = PBXFileReference; lastKnownFileType = sourcecode.swift; path = AppDelegate.swift; sourceTree = "<group>"; };
		2B533B841A3B6AD300D7B89D /* ViewController.swift */ = {isa = PBXFileReference; lastKnownFileType = sourcecode.swift; path = ViewController.swift; sourceTree = "<group>"; };
		2B533B871A3B6AD300D7B89D /* Base */ = {isa = PBXFileReference; lastKnownFileType = file.storyboard; name = Base; path = Base.lproj/Main.storyboard; sourceTree = "<group>"; };
		2B533B891A3B6AD300D7B89D /* Images.xcassets */ = {isa = PBXFileReference; lastKnownFileType = folder.assetcatalog; path = Images.xcassets; sourceTree = "<group>"; };
		2B533B8C1A3B6AD300D7B89D /* Base */ = {isa = PBXFileReference; lastKnownFileType = file.xib; name = Base; path = Base.lproj/LaunchScreen.xib; sourceTree = "<group>"; };
		2B533B921A3B6AD300D7B89D /* ChatClientSwiftTests.xctest */ = {isa = PBXFileReference; explicitFileType = wrapper.cfbundle; includeInIndex = 0; path = ChatClientSwiftTests.xctest; sourceTree = BUILT_PRODUCTS_DIR; };
		2B533B971A3B6AD300D7B89D /* Info.plist */ = {isa = PBXFileReference; lastKnownFileType = text.plist.xml; path = Info.plist; sourceTree = "<group>"; };
		2B533B981A3B6AD300D7B89D /* ChatClientSwiftTests.swift */ = {isa = PBXFileReference; lastKnownFileType = sourcecode.swift; path = ChatClientSwiftTests.swift; sourceTree = "<group>"; };
/* End PBXFileReference section */

/* Begin PBXFrameworksBuildPhase section */
		2B533B7A1A3B6AD300D7B89D /* Frameworks */ = {
			isa = PBXFrameworksBuildPhase;
			buildActionMask = 2147483647;
			files = (
			);
			runOnlyForDeploymentPostprocessing = 0;
		};
		2B533B8F1A3B6AD300D7B89D /* Frameworks */ = {
			isa = PBXFrameworksBuildPhase;
			buildActionMask = 2147483647;
			files = (
			);
			runOnlyForDeploymentPostprocessing = 0;
		};
/* End PBXFrameworksBuildPhase section */

/* Begin PBXGroup section */
		2B533B741A3B6AD300D7B89D = {
			isa = PBXGroup;
			children = (
				2B533B7F1A3B6AD300D7B89D /* ChatClientSwift */,
				2B533B951A3B6AD300D7B89D /* ChatClientSwiftTests */,
				2B533B7E1A3B6AD300D7B89D /* Products */,
			);
			sourceTree = "<group>";
		};
		2B533B7E1A3B6AD300D7B89D /* Products */ = {
			isa = PBXGroup;
			children = (
				2B533B7D1A3B6AD300D7B89D /* ChatClientSwift.app */,
				2B533B921A3B6AD300D7B89D /* ChatClientSwiftTests.xctest */,
			);
			name = Products;
			sourceTree = "<group>";
		};
		2B533B7F1A3B6AD300D7B89D /* ChatClientSwift */ = {
			isa = PBXGroup;
			children = (
				2B533B821A3B6AD300D7B89D /* AppDelegate.swift */,
				2B533B841A3B6AD300D7B89D /* ViewController.swift */,
				2B533B861A3B6AD300D7B89D /* Main.storyboard */,
				2B533B891A3B6AD300D7B89D /* Images.xcassets */,
				2B533B8B1A3B6AD300D7B89D /* LaunchScreen.xib */,
				2B533B801A3B6AD300D7B89D /* Supporting Files */,
			);
			path = ChatClientSwift;
			sourceTree = "<group>";
		};
		2B533B801A3B6AD300D7B89D /* Supporting Files */ = {
			isa = PBXGroup;
			children = (
				2B533B811A3B6AD300D7B89D /* Info.plist */,
			);
			name = "Supporting Files";
			sourceTree = "<group>";
		};
		2B533B951A3B6AD300D7B89D /* ChatClientSwiftTests */ = {
			isa = PBXGroup;
			children = (
				2B533B981A3B6AD300D7B89D /* ChatClientSwiftTests.swift */,
				2B533B961A3B6AD300D7B89D /* Supporting Files */,
			);
			path = ChatClientSwiftTests;
			sourceTree = "<group>";
		};
		2B533B961A3B6AD300D7B89D /* Supporting Files */ = {
			isa = PBXGroup;
			children = (
				2B533B971A3B6AD300D7B89D /* Info.plist */,
			);
			name = "Supporting Files";
			sourceTree = "<group>";
		};
/* End PBXGroup section */

/* Begin PBXNativeTarget section */
		2B533B7C1A3B6AD300D7B89D /* ChatClientSwift */ = {
			isa = PBXNativeTarget;
			buildConfigurationList = 2B533B9C1A3B6AD300D7B89D /* Build configuration list for PBXNativeTarget "ChatClientSwift" */;
			buildPhases = (
				2B533B791A3B6AD300D7B89D /* Sources */,
				2B533B7A1A3B6AD300D7B89D /* Frameworks */,
				2B533B7B1A3B6AD300D7B89D /* Resources */,
			);
			buildRules = (
			);
			dependencies = (
			);
			name = ChatClientSwift;
			productName = ChatClientSwift;
			productReference = 2B533B7D1A3B6AD300D7B89D /* ChatClientSwift.app */;
			productType = "com.apple.product-type.application";
		};
		2B533B911A3B6AD300D7B89D /* ChatClientSwiftTests */ = {
			isa = PBXNativeTarget;
			buildConfigurationList = 2B533B9F1A3B6AD300D7B89D /* Build configuration list for PBXNativeTarget "ChatClientSwiftTests" */;
			buildPhases = (
				2B533B8E1A3B6AD300D7B89D /* Sources */,
				2B533B8F1A3B6AD300D7B89D /* Frameworks */,
				2B533B901A3B6AD300D7B89D /* Resources */,
			);
			buildRules = (
			);
			dependencies = (
				2B533B941A3B6AD300D7B89D /* PBXTargetDependency */,
			);
			name = ChatClientSwiftTests;
			productName = ChatClientSwiftTests;
			productReference = 2B533B921A3B6AD300D7B89D /* ChatClientSwiftTests.xctest */;
			productType = "com.apple.product-type.bundle.unit-test";
		};
/* End PBXNativeTarget section */

/* Begin PBXProject section */
		2B533B751A3B6AD300D7B89D /* Project object */ = {
			isa = PBXProject;
			attributes = {
				LastUpgradeCheck = 0610;
				ORGANIZATIONNAME = kj;
				TargetAttributes = {
					2B533B7C1A3B6AD300D7B89D = {
						CreatedOnToolsVersion = 6.1.1;
					};
					2B533B911A3B6AD300D7B89D = {
						CreatedOnToolsVersion = 6.1.1;
						TestTargetID = 2B533B7C1A3B6AD300D7B89D;
					};
				};
			};
			buildConfigurationList = 2B533B781A3B6AD300D7B89D /* Build configuration list for PBXProject "ChatClientSwift" */;
			compatibilityVersion = "Xcode 3.2";
			developmentRegion = English;
			hasScannedForEncodings = 0;
			knownRegions = (
				en,
				Base,
			);
			mainGroup = 2B533B741A3B6AD300D7B89D;
			productRefGroup = 2B533B7E1A3B6AD300D7B89D /* Products */;
			projectDirPath = "";
			projectRoot = "";
			targets = (
				2B533B7C1A3B6AD300D7B89D /* ChatClientSwift */,
				2B533B911A3B6AD300D7B89D /* ChatClientSwiftTests */,
			);
		};
/* End PBXProject section */

/* Begin PBXResourcesBuildPhase section */
		2B533B7B1A3B6AD300D7B89D /* Resources */ = {
			isa = PBXResourcesBuildPhase;
			buildActionMask = 2147483647;
			files = (
				2B533B881A3B6AD300D7B89D /* Main.storyboard in Resources */,
				2B533B8D1A3B6AD300D7B89D /* LaunchScreen.xib in Resources */,
				2B533B8A1A3B6AD300D7B89D /* Images.xcassets in Resources */,
			);
			runOnlyForDeploymentPostprocessing = 0;
		};
		2B533B901A3B6AD300D7B89D /* Resources */ = {
			isa = PBXResourcesBuildPhase;
			buildActionMask = 2147483647;
			files = (
			);
			runOnlyForDeploymentPostprocessing = 0;
		};
/* End PBXResourcesBuildPhase section */

/* Begin PBXSourcesBuildPhase section */
		2B533B791A3B6AD300D7B89D /* Sources */ = {
			isa = PBXSourcesBuildPhase;
			buildActionMask = 2147483647;
			files = (
				2B533B851A3B6AD300D7B89D /* ViewController.swift in Sources */,
				2B533B831A3B6AD300D7B89D /* AppDelegate.swift in Sources */,
			);
			runOnlyForDeploymentPostprocessing = 0;
		};
		2B533B8E1A3B6AD300D7B89D /* Sources */ = {
			isa = PBXSourcesBuildPhase;
			buildActionMask = 2147483647;
			files = (
				2B533B991A3B6AD300D7B89D /* ChatClientSwiftTests.swift in Sources */,
			);
			runOnlyForDeploymentPostprocessing = 0;
		};
/* End PBXSourcesBuildPhase section */

/* Begin PBXTargetDependency section */
		2B533B941A3B6AD300D7B89D /* PBXTargetDependency */ = {
			isa = PBXTargetDependency;
			target = 2B533B7C1A3B6AD300D7B89D /* ChatClientSwift */;
			targetProxy = 2B533B931A3B6AD300D7B89D /* PBXContainerItemProxy */;
		};
/* End PBXTargetDependency section */

/* Begin PBXVariantGroup section */
		2B533B861A3B6AD300D7B89D /* Main.storyboard */ = {
			isa = PBXVariantGroup;
			children = (
				2B533B871A3B6AD300D7B89D /* Base */,
			);
			name = Main.storyboard;
			sourceTree = "<group>";
		};
		2B533B8B1A3B6AD300D7B89D /* LaunchScreen.xib */ = {
			isa = PBXVariantGroup;
			children = (
				2B533B8C1A3B6AD300D7B89D /* Base */,
			);
			name = LaunchScreen.xib;
			sourceTree = "<group>";
		};
/* End PBXVariantGroup section */

/* Begin XCBuildConfiguration section */
		2B533B9A1A3B6AD300D7B89D /* Debug */ = {
			isa = XCBuildConfiguration;
			buildSettings = {
				ALWAYS_SEARCH_USER_PATHS = NO;
				CLANG_CXX_LANGUAGE_STANDARD = "gnu++0x";
				CLANG_CXX_LIBRARY = "libc++";
				CLANG_ENABLE_MODULES = YES;
				CLANG_ENABLE_OBJC_ARC = YES;
				CLANG_WARN_BOOL_CONVERSION = YES;
				CLANG_WARN_CONSTANT_CONVERSION = YES;
				CLANG_WARN_DIRECT_OBJC_ISA_USAGE = YES_ERROR;
				CLANG_WARN_EMPTY_BODY = YES;
				CLANG_WARN_ENUM_CONVERSION = YES;
				CLANG_WARN_INT_CONVERSION = YES;
				CLANG_WARN_OBJC_ROOT_CLASS = YES_ERROR;
				CLANG_WARN_UNREACHABLE_CODE = YES;
				CLANG_WARN__DUPLICATE_METHOD_MATCH = YES;
				"CODE_SIGN_IDENTITY[sdk=iphoneos*]" = "iPhone Developer";
				COPY_PHASE_STRIP = NO;
				ENABLE_STRICT_OBJC_MSGSEND = YES;
				GCC_C_LANGUAGE_STANDARD = gnu99;
				GCC_DYNAMIC_NO_PIC = NO;
				GCC_OPTIMIZATION_LEVEL = 0;
				GCC_PREPROCESSOR_DEFINITIONS = (
					"DEBUG=1",
					"$(inherited)",
				);
				GCC_SYMBOLS_PRIVATE_EXTERN = NO;
				GCC_WARN_64_TO_32_BIT_CONVERSION = YES;
				GCC_WARN_ABOUT_RETURN_TYPE = YES_ERROR;
				GCC_WARN_UNDECLARED_SELECTOR = YES;
				GCC_WARN_UNINITIALIZED_AUTOS = YES_AGGRESSIVE;
				GCC_WARN_UNUSED_FUNCTION = YES;
				GCC_WARN_UNUSED_VARIABLE = YES;
				IPHONEOS_DEPLOYMENT_TARGET = 8.1;
				MTL_ENABLE_DEBUG_INFO = YES;
				ONLY_ACTIVE_ARCH = YES;
				SDKROOT = iphoneos;
				SWIFT_OPTIMIZATION_LEVEL = "-Onone";
			};
			name = Debug;
		};
		2B533B9B1A3B6AD300D7B89D /* Release */ = {
			isa = XCBuildConfiguration;
			buildSettings = {
				ALWAYS_SEARCH_USER_PATHS = NO;
				CLANG_CXX_LANGUAGE_STANDARD = "gnu++0x";
				CLANG_CXX_LIBRARY = "libc++";
				CLANG_ENABLE_MODULES = YES;
				CLANG_ENABLE_OBJC_ARC = YES;
				CLANG_WARN_BOOL_CONVERSION = YES;
				CLANG_WARN_CONSTANT_CONVERSION = YES;
				CLANG_WARN_DIRECT_OBJC_ISA_USAGE = YES_ERROR;
				CLANG_WARN_EMPTY_BODY = YES;
				CLANG_WARN_ENUM_CONVERSION = YES;
				CLANG_WARN_INT_CONVERSION = YES;
				CLANG_WARN_OBJC_ROOT_CLASS = YES_ERROR;
				CLANG_WARN_UNREACHABLE_CODE = YES;
				CLANG_WARN__DUPLICATE_METHOD_MATCH = YES;
				"CODE_SIGN_IDENTITY[sdk=iphoneos*]" = "iPhone Developer";
				COPY_PHASE_STRIP = YES;
				ENABLE_NS_ASSERTIONS = NO;
				ENABLE_STRICT_OBJC_MSGSEND = YES;
				GCC_C_LANGUAGE_STANDARD = gnu99;
				GCC_WARN_64_TO_32_BIT_CONVERSION = YES;
				GCC_WARN_ABOUT_RETURN_TYPE = YES_ERROR;
				GCC_WARN_UNDECLARED_SELECTOR = YES;
				GCC_WARN_UNINITIALIZED_AUTOS = YES_AGGRESSIVE;
				GCC_WARN_UNUSED_FUNCTION = YES;
				GCC_WARN_UNUSED_VARIABLE = YES;
				IPHONEOS_DEPLOYMENT_TARGET = 8.1;
				MTL_ENABLE_DEBUG_INFO = NO;
				SDKROOT = iphoneos;
				VALIDATE_PRODUCT = YES;
			};
			name = Release;
		};
		2B533B9D1A3B6AD300D7B89D /* Debug */ = {
			isa = XCBuildConfiguration;
			buildSettings = {
				ASSETCATALOG_COMPILER_APPICON_NAME = AppIcon;
				INFOPLIST_FILE = ChatClientSwift/Info.plist;
				LD_RUNPATH_SEARCH_PATHS = "$(inherited) @executable_path/Frameworks";
				PRODUCT_NAME = "$(TARGET_NAME)";
			};
			name = Debug;
		};
		2B533B9E1A3B6AD300D7B89D /* Release */ = {
			isa = XCBuildConfiguration;
			buildSettings = {
				ASSETCATALOG_COMPILER_APPICON_NAME = AppIcon;
				INFOPLIST_FILE = ChatClientSwift/Info.plist;
				LD_RUNPATH_SEARCH_PATHS = "$(inherited) @executable_path/Frameworks";
				PRODUCT_NAME = "$(TARGET_NAME)";
			};
			name = Release;
		};
		2B533BA01A3B6AD300D7B89D /* Debug */ = {
			isa = XCBuildConfiguration;
			buildSettings = {
				BUNDLE_LOADER = "$(TEST_HOST)";
				FRAMEWORK_SEARCH_PATHS = (
					"$(SDKROOT)/Developer/Library/Frameworks",
					"$(inherited)",
				);
				GCC_PREPROCESSOR_DEFINITIONS = (
					"DEBUG=1",
					"$(inherited)",
				);
				INFOPLIST_FILE = ChatClientSwiftTests/Info.plist;
				LD_RUNPATH_SEARCH_PATHS = "$(inherited) @executable_path/Frameworks @loader_path/Frameworks";
				PRODUCT_NAME = "$(TARGET_NAME)";
				TEST_HOST = "$(BUILT_PRODUCTS_DIR)/ChatClientSwift.app/ChatClientSwift";
			};
			name = Debug;
		};
		2B533BA11A3B6AD300D7B89D /* Release */ = {
			isa = XCBuildConfiguration;
			buildSettings = {
				BUNDLE_LOADER = "$(TEST_HOST)";
				FRAMEWORK_SEARCH_PATHS = (
					"$(SDKROOT)/Developer/Library/Frameworks",
					"$(inherited)",
				);
				INFOPLIST_FILE = ChatClientSwiftTests/Info.plist;
				LD_RUNPATH_SEARCH_PATHS = "$(inherited) @executable_path/Frameworks @loader_path/Frameworks";
				PRODUCT_NAME = "$(TARGET_NAME)";
				TEST_HOST = "$(BUILT_PRODUCTS_DIR)/ChatClientSwift.app/ChatClientSwift";
			};
			name = Release;
		};
/* End XCBuildConfiguration section */

/* Begin XCConfigurationList section */
		2B533B781A3B6AD300D7B89D /* Build configuration list for PBXProject "ChatClientSwift" */ = {
			isa = XCConfigurationList;
			buildConfigurations = (
				2B533B9A1A3B6AD300D7B89D /* Debug */,
				2B533B9B1A3B6AD300D7B89D /* Release */,
			);
			defaultConfigurationIsVisible = 0;
			defaultConfigurationName = Release;
		};
		2B533B9C1A3B6AD300D7B89D /* Build configuration list for PBXNativeTarget "ChatClientSwift" */ = {
			isa = XCConfigurationList;
			buildConfigurations = (
				2B533B9D1A3B6AD300D7B89D /* Debug */,
				2B533B9E1A3B6AD300D7B89D /* Release */,
			);
			defaultConfigurationIsVisible = 0;
		};
		2B533B9F1A3B6AD300D7B89D /* Build configuration list for PBXNativeTarget "ChatClientSwiftTests" */ = {
			isa = XCConfigurationList;
			buildConfigurations = (
				2B533BA01A3B6AD300D7B89D /* Debug */,
				2B533BA11A3B6AD300D7B89D /* Release */,
			);
			defaultConfigurationIsVisible = 0;
		};
/* End XCConfigurationList section */
	};
	rootObject = 2B533B751A3B6AD300D7B89D /* Project object */;
}
